
Microsoft Visual Studio Solution File, Format Version 12.00
# Visual Studio Version 16
VisualStudioVersion = 16.0.31004.235
MinimumVisualStudioVersion = 10.0.40219.1
Project("{9A19103F-16F7-4668-BE54-9A1E7A4F7556}") = "ApiTestEvgeni_Homework", "ApiTestEvgeni_Homework.csproj", "{B6C69491-1A44-42A0-AB97-A80BA8F9770D}"
EndProject
Global
	GlobalSection(SolutionConfigurationPlatforms) = preSolution
		Debug|Any CPU = Debug|Any CPU
		Release|Any CPU = Release|Any CPU
	EndGlobalSection
	GlobalSection(ProjectConfigurationPlatforms) = postSolution
		{B6C69491-1A44-42A0-AB97-A80BA8F9770D}.Debug|Any CPU.ActiveCfg = Debug|Any CPU
		{B6C69491-1A44-42A0-AB97-A80BA8F9770D}.Debug|Any CPU.Build.0 = Debug|Any CPU
		{B6C69491-1A44-42A0-AB97-A80BA8F9770D}.Release|Any CPU.ActiveCfg = Release|Any CPU
		{B6C69491-1A44-42A0-AB97-A80BA8F9770D}.Release|Any CPU.Build.0 = Release|Any CPU
	EndGlobalSection
	GlobalSection(SolutionProperties) = preSolution
		HideSolutionNode = FALSE
	EndGlobalSection
	GlobalSection(ExtensibilityGlobals) = postSolution
		SolutionGuid = {1E1502DB-7E18-44B8-8B42-4E0159533B75}
	EndGlobalSection
EndGlobal
